{
  "object": {
    "pins": [
      {
        "package": "PureSwiftUI",
        "repositoryURL": "https://github.com/CodeSlicing/pure-swift-ui",
        "state": {
          "branch": null,
          "revision": "8699e207b2cbdb0efcf8c8e8c61c6f7a940051cd",
          "version": "1.12.0"
        }
      },
      {
        "package": "PureSwiftUITools",
        "repositoryURL": "https://github.com/CodeSlicing/pure-swift-ui-tools",
        "state": {
          "branch": null,
          "revision": "eccdd5e6d1393a0260dc3c3e541fe7b3790892aa",
          "version": "1.1.0"
        }
      }
    ]
  },
  "version": 1
}
