{
  "object": {
    "pins": [
      {
        "package": "PureSwiftUI",
        "repositoryURL": "https://github.com/CodeSlicing/pure-swift-ui.git",
        "state": {
          "branch": null,
          "revision": "a4e8b5aba8eedb5fa761d850721b2fe4e5a80bb6",
          "version": "1.15.1"
        }
      },
      {
        "package": "PureSwiftUITools",
        "repositoryURL": "https://github.com/CodeSlicing/pure-swift-ui-tools.git",
        "state": {
          "branch": null,
          "revision": "e2a5be40fdf18a83c03080af7597ce04439ea1ac",
          "version": "1.3.0"
        }
      },
      {
        "package": "RxSwift",
        "repositoryURL": "https://github.com/ReactiveX/RxSwift",
        "state": {
          "branch": "main",
          "revision": "7e01c05f25c025143073eaa3be3532f9375c614b",
          "version": null
        }
      }
    ]
  },
  "version": 1
}
