{
  "object": {
    "pins": [
      {
        "package": "PureSwiftUI",
        "repositoryURL": "https://github.com/CodeSlicing/pure-swift-ui.git",
        "state": {
          "branch": null,
          "revision": "47eff7138b4551900fbe18a60ae33c37fc7441f3",
          "version": "1.13.1"
        }
      },
      {
        "package": "PureSwiftUITools",
        "repositoryURL": "https://github.com/CodeSlicing/pure-swift-ui-tools.git",
        "state": {
          "branch": null,
          "revision": "eccdd5e6d1393a0260dc3c3e541fe7b3790892aa",
          "version": "1.1.0"
        }
      }
    ]
  },
  "version": 1
}
