// !$*UTF8*$!
{
	archiveVersion = 1;
	classes = {
	};
	objectVersion = 50;
	objects = {

/* Begin PBXBuildFile section */
		CB4EF10723F0575D00D4D5A4 /* Logger.framework in Frameworks */ = {isa = PBXBuildFile; fileRef = CBEF536023EF276E00285179 /* Logger.framework */; };
		CB4EF10823F0575D00D4D5A4 /* Logger.framework in Embed Frameworks */ = {isa = PBXBuildFile; fileRef = CBEF536023EF276E00285179 /* Logger.framework */; settings = {ATTRIBUTES = (CodeSignOnCopy, RemoveHeadersOnCopy, ); }; };
		CB4EF10923F0575D00D4D5A4 /* Resource.framework in Frameworks */ = {isa = PBXBuildFile; fileRef = CB6871A223EC667E002FA3C5 /* Resource.framework */; };
		CB4EF10A23F0575D00D4D5A4 /* Resource.framework in Embed Frameworks */ = {isa = PBXBuildFile; fileRef = CB6871A223EC667E002FA3C5 /* Resource.framework */; settings = {ATTRIBUTES = (CodeSignOnCopy, RemoveHeadersOnCopy, ); }; };
		CB4EF10B23F0575D00D4D5A4 /* RIBs.framework in Frameworks */ = {isa = PBXBuildFile; fileRef = CB6870C423EC6320002FA3C5 /* RIBs.framework */; };
		CB4EF10C23F0575D00D4D5A4 /* RIBs.framework in Embed Frameworks */ = {isa = PBXBuildFile; fileRef = CB6870C423EC6320002FA3C5 /* RIBs.framework */; settings = {ATTRIBUTES = (CodeSignOnCopy, RemoveHeadersOnCopy, ); }; };
		CB4EF10D23F0575D00D4D5A4 /* RxCocoa.framework in Frameworks */ = {isa = PBXBuildFile; fileRef = CB6871CB23EDB52B002FA3C5 /* RxCocoa.framework */; };
		CB4EF10E23F0575E00D4D5A4 /* RxCocoa.framework in Embed Frameworks */ = {isa = PBXBuildFile; fileRef = CB6871CB23EDB52B002FA3C5 /* RxCocoa.framework */; settings = {ATTRIBUTES = (CodeSignOnCopy, RemoveHeadersOnCopy, ); }; };
		CB4EF10F23F0575E00D4D5A4 /* RxRelay.framework in Frameworks */ = {isa = PBXBuildFile; fileRef = CB6871C123EDB4F1002FA3C5 /* RxRelay.framework */; };
		CB4EF11023F0575E00D4D5A4 /* RxRelay.framework in Embed Frameworks */ = {isa = PBXBuildFile; fileRef = CB6871C123EDB4F1002FA3C5 /* RxRelay.framework */; settings = {ATTRIBUTES = (CodeSignOnCopy, RemoveHeadersOnCopy, ); }; };
		CB4EF11123F0575E00D4D5A4 /* RxSwift.framework in Frameworks */ = {isa = PBXBuildFile; fileRef = CB6870C523EC6321002FA3C5 /* RxSwift.framework */; };
		CB4EF11223F0575E00D4D5A4 /* RxSwift.framework in Embed Frameworks */ = {isa = PBXBuildFile; fileRef = CB6870C523EC6321002FA3C5 /* RxSwift.framework */; settings = {ATTRIBUTES = (CodeSignOnCopy, RemoveHeadersOnCopy, ); }; };
		CB6870B023EC604F002FA3C5 /* AppDelegate.swift in Sources */ = {isa = PBXBuildFile; fileRef = CB6870AF23EC604F002FA3C5 /* AppDelegate.swift */; };
		CB6870B923EC6054002FA3C5 /* Assets.xcassets in Resources */ = {isa = PBXBuildFile; fileRef = CB6870B823EC6054002FA3C5 /* Assets.xcassets */; };
		CB6870BC23EC6054002FA3C5 /* LaunchScreen.storyboard in Resources */ = {isa = PBXBuildFile; fileRef = CB6870BA23EC6054002FA3C5 /* LaunchScreen.storyboard */; };
		CB6871A623EC6686002FA3C5 /* Umbrella.framework in Frameworks */ = {isa = PBXBuildFile; fileRef = CB6871A523EC6686002FA3C5 /* Umbrella.framework */; };
		CB6871C023EDB25D002FA3C5 /* AppComponent.swift in Sources */ = {isa = PBXBuildFile; fileRef = CB6871BF23EDB25D002FA3C5 /* AppComponent.swift */; };
		CB6871D723EDB9BB002FA3C5 /* Preview.swift in Sources */ = {isa = PBXBuildFile; fileRef = CB6871D523EDB9B2002FA3C5 /* Preview.swift */; };
/* End PBXBuildFile section */

/* Begin PBXCopyFilesBuildPhase section */
		CB4EF11323F0575E00D4D5A4 /* Embed Frameworks */ = {
			isa = PBXCopyFilesBuildPhase;
			buildActionMask = 2147483647;
			dstPath = "";
			dstSubfolderSpec = 10;
			files = (
				CB4EF10E23F0575E00D4D5A4 /* RxCocoa.framework in Embed Frameworks */,
				CB4EF10A23F0575D00D4D5A4 /* Resource.framework in Embed Frameworks */,
				CB4EF11223F0575E00D4D5A4 /* RxSwift.framework in Embed Frameworks */,
				CB4EF10823F0575D00D4D5A4 /* Logger.framework in Embed Frameworks */,
				CB4EF10C23F0575D00D4D5A4 /* RIBs.framework in Embed Frameworks */,
				CB4EF11023F0575E00D4D5A4 /* RxRelay.framework in Embed Frameworks */,
			);
			name = "Embed Frameworks";
			runOnlyForDeploymentPostprocessing = 0;
		};
/* End PBXCopyFilesBuildPhase section */

/* Begin PBXFileReference section */
		CB6870AC23EC604F002FA3C5 /* App.app */ = {isa = PBXFileReference; explicitFileType = wrapper.application; includeInIndex = 0; path = App.app; sourceTree = BUILT_PRODUCTS_DIR; };
		CB6870AF23EC604F002FA3C5 /* AppDelegate.swift */ = {isa = PBXFileReference; lastKnownFileType = sourcecode.swift; path = AppDelegate.swift; sourceTree = "<group>"; };
		CB6870B823EC6054002FA3C5 /* Assets.xcassets */ = {isa = PBXFileReference; lastKnownFileType = folder.assetcatalog; path = Assets.xcassets; sourceTree = "<group>"; };
		CB6870BB23EC6054002FA3C5 /* Base */ = {isa = PBXFileReference; lastKnownFileType = file.storyboard; name = Base; path = Base.lproj/LaunchScreen.storyboard; sourceTree = "<group>"; };
		CB6870BD23EC6054002FA3C5 /* Info.plist */ = {isa = PBXFileReference; lastKnownFileType = text.plist.xml; path = Info.plist; sourceTree = "<group>"; };
		CB6870C423EC6320002FA3C5 /* RIBs.framework */ = {isa = PBXFileReference; lastKnownFileType = wrapper.framework; name = RIBs.framework; path = ../Carthage/Build/iOS/RIBs.framework; sourceTree = "<group>"; };
		CB6870C523EC6321002FA3C5 /* RxSwift.framework */ = {isa = PBXFileReference; lastKnownFileType = wrapper.framework; name = RxSwift.framework; path = ../Carthage/Build/iOS/RxSwift.framework; sourceTree = "<group>"; };
		CB6871A223EC667E002FA3C5 /* Resource.framework */ = {isa = PBXFileReference; explicitFileType = wrapper.framework; path = Resource.framework; sourceTree = BUILT_PRODUCTS_DIR; };
		CB6871A523EC6686002FA3C5 /* Umbrella.framework */ = {isa = PBXFileReference; explicitFileType = wrapper.framework; path = Umbrella.framework; sourceTree = BUILT_PRODUCTS_DIR; };
		CB6871B923EDB1AC002FA3C5 /* Main.framework */ = {isa = PBXFileReference; explicitFileType = wrapper.framework; path = Main.framework; sourceTree = BUILT_PRODUCTS_DIR; };
		CB6871BF23EDB25D002FA3C5 /* AppComponent.swift */ = {isa = PBXFileReference; lastKnownFileType = sourcecode.swift; path = AppComponent.swift; sourceTree = "<group>"; };
		CB6871C123EDB4F1002FA3C5 /* RxRelay.framework */ = {isa = PBXFileReference; lastKnownFileType = wrapper.framework; name = RxRelay.framework; path = ../Carthage/Build/iOS/RxRelay.framework; sourceTree = "<group>"; };
		CB6871CB23EDB52B002FA3C5 /* RxCocoa.framework */ = {isa = PBXFileReference; lastKnownFileType = wrapper.framework; name = RxCocoa.framework; path = ../Carthage/Build/iOS/RxCocoa.framework; sourceTree = "<group>"; };
		CB6871D523EDB9B2002FA3C5 /* Preview.swift */ = {isa = PBXFileReference; lastKnownFileType = sourcecode.swift; path = Preview.swift; sourceTree = "<group>"; };
		CB6871F323EDC732002FA3C5 /* ClockTable.framework */ = {isa = PBXFileReference; explicitFileType = wrapper.framework; path = ClockTable.framework; sourceTree = BUILT_PRODUCTS_DIR; };
		CBEF536023EF276E00285179 /* Logger.framework */ = {isa = PBXFileReference; explicitFileType = wrapper.framework; path = Logger.framework; sourceTree = BUILT_PRODUCTS_DIR; };
/* End PBXFileReference section */

/* Begin PBXFrameworksBuildPhase section */
		CB6870A923EC604F002FA3C5 /* Frameworks */ = {
			isa = PBXFrameworksBuildPhase;
			buildActionMask = 2147483647;
			files = (
				CB4EF10723F0575D00D4D5A4 /* Logger.framework in Frameworks */,
				CB4EF10D23F0575D00D4D5A4 /* RxCocoa.framework in Frameworks */,
				CB4EF11123F0575E00D4D5A4 /* RxSwift.framework in Frameworks */,
				CB4EF10923F0575D00D4D5A4 /* Resource.framework in Frameworks */,
				CB4EF10F23F0575E00D4D5A4 /* RxRelay.framework in Frameworks */,
				CB4EF10B23F0575D00D4D5A4 /* RIBs.framework in Frameworks */,
				CB6871A623EC6686002FA3C5 /* Umbrella.framework in Frameworks */,
			);
			runOnlyForDeploymentPostprocessing = 0;
		};
/* End PBXFrameworksBuildPhase section */

/* Begin PBXGroup section */
		CB6870A323EC604F002FA3C5 = {
			isa = PBXGroup;
			children = (
				CB6870AE23EC604F002FA3C5 /* App */,
				CB6870AD23EC604F002FA3C5 /* Products */,
				CB6870C323EC6320002FA3C5 /* Frameworks */,
			);
			sourceTree = "<group>";
		};
		CB6870AD23EC604F002FA3C5 /* Products */ = {
			isa = PBXGroup;
			children = (
				CB6870AC23EC604F002FA3C5 /* App.app */,
			);
			name = Products;
			sourceTree = "<group>";
		};
		CB6870AE23EC604F002FA3C5 /* App */ = {
			isa = PBXGroup;
			children = (
				CB6870AF23EC604F002FA3C5 /* AppDelegate.swift */,
				CB6871BF23EDB25D002FA3C5 /* AppComponent.swift */,
				CB6871D523EDB9B2002FA3C5 /* Preview.swift */,
				CB6870B823EC6054002FA3C5 /* Assets.xcassets */,
				CB6870BA23EC6054002FA3C5 /* LaunchScreen.storyboard */,
				CB6870BD23EC6054002FA3C5 /* Info.plist */,
			);
			path = App;
			sourceTree = "<group>";
		};
		CB6870C323EC6320002FA3C5 /* Frameworks */ = {
			isa = PBXGroup;
			children = (
				CBEF536023EF276E00285179 /* Logger.framework */,
				CB6871F323EDC732002FA3C5 /* ClockTable.framework */,
				CB6871CB23EDB52B002FA3C5 /* RxCocoa.framework */,
				CB6871C123EDB4F1002FA3C5 /* RxRelay.framework */,
				CB6871B923EDB1AC002FA3C5 /* Main.framework */,
				CB6871A523EC6686002FA3C5 /* Umbrella.framework */,
				CB6871A223EC667E002FA3C5 /* Resource.framework */,
				CB6870C423EC6320002FA3C5 /* RIBs.framework */,
				CB6870C523EC6321002FA3C5 /* RxSwift.framework */,
			);
			name = Frameworks;
			sourceTree = "<group>";
		};
/* End PBXGroup section */

/* Begin PBXNativeTarget section */
		CB6870AB23EC604F002FA3C5 /* App */ = {
			isa = PBXNativeTarget;
			buildConfigurationList = CB6870C023EC6054002FA3C5 /* Build configuration list for PBXNativeTarget "App" */;
			buildPhases = (
				CB6870A823EC604F002FA3C5 /* Sources */,
				CB6870A923EC604F002FA3C5 /* Frameworks */,
				CB6870AA23EC604F002FA3C5 /* Resources */,
				CBEF536F23EFBFBA00285179 /* Run Script */,
				CB4EF11323F0575E00D4D5A4 /* Embed Frameworks */,
			);
			buildRules = (
			);
			dependencies = (
			);
			name = App;
			productName = App;
			productReference = CB6870AC23EC604F002FA3C5 /* App.app */;
			productType = "com.apple.product-type.application";
		};
/* End PBXNativeTarget section */

/* Begin PBXProject section */
		CB6870A423EC604F002FA3C5 /* Project object */ = {
			isa = PBXProject;
			attributes = {
				LastSwiftUpdateCheck = 1120;
				LastUpgradeCheck = 1120;
				ORGANIZATIONNAME = minsone;
				TargetAttributes = {
					CB6870AB23EC604F002FA3C5 = {
						CreatedOnToolsVersion = 11.2.1;
					};
				};
			};
			buildConfigurationList = CB6870A723EC604F002FA3C5 /* Build configuration list for PBXProject "App" */;
			compatibilityVersion = "Xcode 9.3";
			developmentRegion = en;
			hasScannedForEncodings = 0;
			knownRegions = (
				en,
				Base,
			);
			mainGroup = CB6870A323EC604F002FA3C5;
			productRefGroup = CB6870AD23EC604F002FA3C5 /* Products */;
			projectDirPath = "";
			projectRoot = "";
			targets = (
				CB6870AB23EC604F002FA3C5 /* App */,
			);
		};
/* End PBXProject section */

/* Begin PBXResourcesBuildPhase section */
		CB6870AA23EC604F002FA3C5 /* Resources */ = {
			isa = PBXResourcesBuildPhase;
			buildActionMask = 2147483647;
			files = (
				CB6870BC23EC6054002FA3C5 /* LaunchScreen.storyboard in Resources */,
				CB6870B923EC6054002FA3C5 /* Assets.xcassets in Resources */,
			);
			runOnlyForDeploymentPostprocessing = 0;
		};
/* End PBXResourcesBuildPhase section */

/* Begin PBXShellScriptBuildPhase section */
		CBEF536F23EFBFBA00285179 /* Run Script */ = {
			isa = PBXShellScriptBuildPhase;
			buildActionMask = 2147483647;
			files = (
			);
			inputFileListPaths = (
			);
			inputPaths = (
			);
			name = "Run Script";
			outputFileListPaths = (
			);
			outputPaths = (
			);
			runOnlyForDeploymentPostprocessing = 0;
			shellPath = /bin/sh;
			shellScript = "if [ \"$CONFIGURATION\" == \"Debug\" ]; \n  echo \"skip carthage copy-frameworks\"\nthen\n  /usr/local/bin/carthage copy-frameworks\nfi\n";
		};
/* End PBXShellScriptBuildPhase section */

/* Begin PBXSourcesBuildPhase section */
		CB6870A823EC604F002FA3C5 /* Sources */ = {
			isa = PBXSourcesBuildPhase;
			buildActionMask = 2147483647;
			files = (
				CB6870B023EC604F002FA3C5 /* AppDelegate.swift in Sources */,
				CB6871D723EDB9BB002FA3C5 /* Preview.swift in Sources */,
				CB6871C023EDB25D002FA3C5 /* AppComponent.swift in Sources */,
			);
			runOnlyForDeploymentPostprocessing = 0;
		};
/* End PBXSourcesBuildPhase section */

/* Begin PBXVariantGroup section */
		CB6870BA23EC6054002FA3C5 /* LaunchScreen.storyboard */ = {
			isa = PBXVariantGroup;
			children = (
				CB6870BB23EC6054002FA3C5 /* Base */,
			);
			name = LaunchScreen.storyboard;
			sourceTree = "<group>";
		};
/* End PBXVariantGroup section */

/* Begin XCBuildConfiguration section */
		CB6870BE23EC6054002FA3C5 /* Debug */ = {
			isa = XCBuildConfiguration;
			buildSettings = {
				ALWAYS_SEARCH_USER_PATHS = NO;
				CLANG_ANALYZER_NONNULL = YES;
				CLANG_ANALYZER_NUMBER_OBJECT_CONVERSION = YES_AGGRESSIVE;
				CLANG_CXX_LANGUAGE_STANDARD = "gnu++14";
				CLANG_CXX_LIBRARY = "libc++";
				CLANG_ENABLE_MODULES = YES;
				CLANG_ENABLE_OBJC_ARC = YES;
				CLANG_ENABLE_OBJC_WEAK = YES;
				CLANG_WARN_BLOCK_CAPTURE_AUTORELEASING = YES;
				CLANG_WARN_BOOL_CONVERSION = YES;
				CLANG_WARN_COMMA = YES;
				CLANG_WARN_CONSTANT_CONVERSION = YES;
				CLANG_WARN_DEPRECATED_OBJC_IMPLEMENTATIONS = YES;
				CLANG_WARN_DIRECT_OBJC_ISA_USAGE = YES_ERROR;
				CLANG_WARN_DOCUMENTATION_COMMENTS = YES;
				CLANG_WARN_EMPTY_BODY = YES;
				CLANG_WARN_ENUM_CONVERSION = YES;
				CLANG_WARN_INFINITE_RECURSION = YES;
				CLANG_WARN_INT_CONVERSION = YES;
				CLANG_WARN_NON_LITERAL_NULL_CONVERSION = YES;
				CLANG_WARN_OBJC_IMPLICIT_RETAIN_SELF = YES;
				CLANG_WARN_OBJC_LITERAL_CONVERSION = YES;
				CLANG_WARN_OBJC_ROOT_CLASS = YES_ERROR;
				CLANG_WARN_RANGE_LOOP_ANALYSIS = YES;
				CLANG_WARN_STRICT_PROTOTYPES = YES;
				CLANG_WARN_SUSPICIOUS_MOVE = YES;
				CLANG_WARN_UNGUARDED_AVAILABILITY = YES_AGGRESSIVE;
				CLANG_WARN_UNREACHABLE_CODE = YES;
				CLANG_WARN__DUPLICATE_METHOD_MATCH = YES;
				COPY_PHASE_STRIP = NO;
				DEBUG_INFORMATION_FORMAT = dwarf;
				ENABLE_STRICT_OBJC_MSGSEND = YES;
				ENABLE_TESTABILITY = YES;
				GCC_C_LANGUAGE_STANDARD = gnu11;
				GCC_DYNAMIC_NO_PIC = NO;
				GCC_NO_COMMON_BLOCKS = YES;
				GCC_OPTIMIZATION_LEVEL = 0;
				GCC_PREPROCESSOR_DEFINITIONS = (
					"DEBUG=1",
					"$(inherited)",
				);
				GCC_WARN_64_TO_32_BIT_CONVERSION = YES;
				GCC_WARN_ABOUT_RETURN_TYPE = YES_ERROR;
				GCC_WARN_UNDECLARED_SELECTOR = YES;
				GCC_WARN_UNINITIALIZED_AUTOS = YES_AGGRESSIVE;
				GCC_WARN_UNUSED_FUNCTION = YES;
				GCC_WARN_UNUSED_VARIABLE = YES;
				IPHONEOS_DEPLOYMENT_TARGET = 13.0;
				MTL_ENABLE_DEBUG_INFO = INCLUDE_SOURCE;
				MTL_FAST_MATH = YES;
				ONLY_ACTIVE_ARCH = YES;
				SDKROOT = iphoneos;
				SWIFT_ACTIVE_COMPILATION_CONDITIONS = DEBUG;
				SWIFT_OPTIMIZATION_LEVEL = "-Onone";
			};
			name = Debug;
		};
		CB6870BF23EC6054002FA3C5 /* Release */ = {
			isa = XCBuildConfiguration;
			buildSettings = {
				ALWAYS_SEARCH_USER_PATHS = NO;
				CLANG_ANALYZER_NONNULL = YES;
				CLANG_ANALYZER_NUMBER_OBJECT_CONVERSION = YES_AGGRESSIVE;
				CLANG_CXX_LANGUAGE_STANDARD = "gnu++14";
				CLANG_CXX_LIBRARY = "libc++";
				CLANG_ENABLE_MODULES = YES;
				CLANG_ENABLE_OBJC_ARC = YES;
				CLANG_ENABLE_OBJC_WEAK = YES;
				CLANG_WARN_BLOCK_CAPTURE_AUTORELEASING = YES;
				CLANG_WARN_BOOL_CONVERSION = YES;
				CLANG_WARN_COMMA = YES;
				CLANG_WARN_CONSTANT_CONVERSION = YES;
				CLANG_WARN_DEPRECATED_OBJC_IMPLEMENTATIONS = YES;
				CLANG_WARN_DIRECT_OBJC_ISA_USAGE = YES_ERROR;
				CLANG_WARN_DOCUMENTATION_COMMENTS = YES;
				CLANG_WARN_EMPTY_BODY = YES;
				CLANG_WARN_ENUM_CONVERSION = YES;
				CLANG_WARN_INFINITE_RECURSION = YES;
				CLANG_WARN_INT_CONVERSION = YES;
				CLANG_WARN_NON_LITERAL_NULL_CONVERSION = YES;
				CLANG_WARN_OBJC_IMPLICIT_RETAIN_SELF = YES;
				CLANG_WARN_OBJC_LITERAL_CONVERSION = YES;
				CLANG_WARN_OBJC_ROOT_CLASS = YES_ERROR;
				CLANG_WARN_RANGE_LOOP_ANALYSIS = YES;
				CLANG_WARN_STRICT_PROTOTYPES = YES;
				CLANG_WARN_SUSPICIOUS_MOVE = YES;
				CLANG_WARN_UNGUARDED_AVAILABILITY = YES_AGGRESSIVE;
				CLANG_WARN_UNREACHABLE_CODE = YES;
				CLANG_WARN__DUPLICATE_METHOD_MATCH = YES;
				COPY_PHASE_STRIP = NO;
				DEBUG_INFORMATION_FORMAT = "dwarf-with-dsym";
				ENABLE_NS_ASSERTIONS = NO;
				ENABLE_STRICT_OBJC_MSGSEND = YES;
				GCC_C_LANGUAGE_STANDARD = gnu11;
				GCC_NO_COMMON_BLOCKS = YES;
				GCC_WARN_64_TO_32_BIT_CONVERSION = YES;
				GCC_WARN_ABOUT_RETURN_TYPE = YES_ERROR;
				GCC_WARN_UNDECLARED_SELECTOR = YES;
				GCC_WARN_UNINITIALIZED_AUTOS = YES_AGGRESSIVE;
				GCC_WARN_UNUSED_FUNCTION = YES;
				GCC_WARN_UNUSED_VARIABLE = YES;
				IPHONEOS_DEPLOYMENT_TARGET = 13.0;
				MTL_ENABLE_DEBUG_INFO = NO;
				MTL_FAST_MATH = YES;
				SDKROOT = iphoneos;
				SWIFT_COMPILATION_MODE = wholemodule;
				SWIFT_OPTIMIZATION_LEVEL = "-O";
				VALIDATE_PRODUCT = YES;
			};
			name = Release;
		};
		CB6870C123EC6054002FA3C5 /* Debug */ = {
			isa = XCBuildConfiguration;
			buildSettings = {
				ASSETCATALOG_COMPILER_APPICON_NAME = AppIcon;
				CODE_SIGN_STYLE = Automatic;
				CURRENT_PROJECT_VERSION = 4;
				DEVELOPMENT_TEAM = 6794ZU679A;
				ENABLE_BITCODE = NO;
				FRAMEWORK_SEARCH_PATHS = (
					"$(PROJECT_DIR)/../Vender",
					"$(PROJECT_DIR)/../OpenSources",
				);
				INFOPLIST_FILE = App/Info.plist;
				IPHONEOS_DEPLOYMENT_TARGET = 13.0;
				LD_RUNPATH_SEARCH_PATHS = (
					"$(inherited)",
					"@executable_path/Frameworks",
				);
				MARKETING_VERSION = 1.0.0;
				PRODUCT_BUNDLE_IDENTIFIER = kr.minsOne.Labs.Hangul.App;
				PRODUCT_NAME = "$(TARGET_NAME)";
				SWIFT_VERSION = 5.0;
				TARGETED_DEVICE_FAMILY = "1,2";
			};
			name = Debug;
		};
		CB6870C223EC6054002FA3C5 /* Release */ = {
			isa = XCBuildConfiguration;
			buildSettings = {
				ASSETCATALOG_COMPILER_APPICON_NAME = AppIcon;
				CODE_SIGN_STYLE = Automatic;
				CURRENT_PROJECT_VERSION = 4;
				DEVELOPMENT_TEAM = 6794ZU679A;
				ENABLE_BITCODE = NO;
				FRAMEWORK_SEARCH_PATHS = (
					"$(PROJECT_DIR)/../Vender",
					"$(PROJECT_DIR)/../OpenSources",
				);
				INFOPLIST_FILE = App/Info.plist;
				IPHONEOS_DEPLOYMENT_TARGET = 13.0;
				LD_RUNPATH_SEARCH_PATHS = (
					"$(inherited)",
					"@executable_path/Frameworks",
				);
				MARKETING_VERSION = 1.0.0;
				PRODUCT_BUNDLE_IDENTIFIER = kr.minsOne.Labs.Hangul.App;
				PRODUCT_NAME = "$(TARGET_NAME)";
				SWIFT_VERSION = 5.0;
				TARGETED_DEVICE_FAMILY = "1,2";
			};
			name = Release;
		};
/* End XCBuildConfiguration section */

/* Begin XCConfigurationList section */
		CB6870A723EC604F002FA3C5 /* Build configuration list for PBXProject "App" */ = {
			isa = XCConfigurationList;
			buildConfigurations = (
				CB6870BE23EC6054002FA3C5 /* Debug */,
				CB6870BF23EC6054002FA3C5 /* Release */,
			);
			defaultConfigurationIsVisible = 0;
			defaultConfigurationName = Release;
		};
		CB6870C023EC6054002FA3C5 /* Build configuration list for PBXNativeTarget "App" */ = {
			isa = XCConfigurationList;
			buildConfigurations = (
				CB6870C123EC6054002FA3C5 /* Debug */,
				CB6870C223EC6054002FA3C5 /* Release */,
			);
			defaultConfigurationIsVisible = 0;
			defaultConfigurationName = Release;
		};
/* End XCConfigurationList section */
	};
	rootObject = CB6870A423EC604F002FA3C5 /* Project object */;
}
