{
  "object": {
    "pins": [
      {
        "package": "PureSwiftUI",
        "repositoryURL": "https://github.com/CodeSlicing/pure-swift-ui.git",
        "state": {
          "branch": null,
          "revision": "440d7e11f6b8b30b4dfe69af06063ef404ef9916",
          "version": "2.0.5"
        }
      },
      {
        "package": "PureSwiftUITools",
        "repositoryURL": "https://github.com/CodeSlicing/pure-swift-ui-tools.git",
        "state": {
          "branch": null,
          "revision": "343d99b85d78ab4a78f49f05e8daf988bf56c1fe",
          "version": "2.0.2"
        }
      },
      {
        "package": "RIBs",
        "repositoryURL": "https://github.com/uber/RIBs",
        "state": {
          "branch": "master",
          "revision": "0fa0b468398bc050d6a065cdb6c3b8acd9da051a",
          "version": null
        }
      },
      {
        "package": "RxSwift",
        "repositoryURL": "https://github.com/ReactiveX/RxSwift",
        "state": {
          "branch": null,
          "revision": "002d325b0bdee94e7882e1114af5ff4fe1e96afa",
          "version": "5.1.1"
        }
      }
    ]
  },
  "version": 1
}
